// !$*UTF8*$!
{
	archiveVersion = 1;
	classes = {
	};
	objectVersion = 46;
	objects = {

/* Begin PBXBuildFile section */
		1D7D9C6B1AC267F2009E779E /* AppDelegate.swift in Sources */ = {isa = PBXBuildFile; fileRef = 1D7D9C6A1AC267F2009E779E /* AppDelegate.swift */; };
		1D7D9C701AC267F2009E779E /* Main.storyboard in Resources */ = {isa = PBXBuildFile; fileRef = 1D7D9C6E1AC267F2009E779E /* Main.storyboard */; };
		1D7D9C721AC267F2009E779E /* Images.xcassets in Resources */ = {isa = PBXBuildFile; fileRef = 1D7D9C711AC267F2009E779E /* Images.xcassets */; };
		1D7D9C751AC267F2009E779E /* LaunchScreen.xib in Resources */ = {isa = PBXBuildFile; fileRef = 1D7D9C731AC267F2009E779E /* LaunchScreen.xib */; };
		1D7D9C811AC267F2009E779E /* Soccer_P1Tests.swift in Sources */ = {isa = PBXBuildFile; fileRef = 1D7D9C801AC267F2009E779E /* Soccer_P1Tests.swift */; };
		1D7D9C8B1AC2683E009E779E /* PlayersTableViewController.swift in Sources */ = {isa = PBXBuildFile; fileRef = 1D7D9C8A1AC2683E009E779E /* PlayersTableViewController.swift */; };
		1D7D9C8D1AC27127009E779E /* AddNewPlayerVCViewController.swift in Sources */ = {isa = PBXBuildFile; fileRef = 1D7D9C8C1AC27127009E779E /* AddNewPlayerVCViewController.swift */; };
/* End PBXBuildFile section */

/* Begin PBXContainerItemProxy section */
		1D7D9C7B1AC267F2009E779E /* PBXContainerItemProxy */ = {
			isa = PBXContainerItemProxy;
			containerPortal = 1D7D9C5D1AC267F2009E779E /* Project object */;
			proxyType = 1;
			remoteGlobalIDString = 1D7D9C641AC267F2009E779E;
			remoteInfo = "Soccer P1";
		};
/* End PBXContainerItemProxy section */

/* Begin PBXFileReference section */
		1D7D9C651AC267F2009E779E /* Soccer P1.app */ = {isa = PBXFileReference; explicitFileType = wrapper.application; includeInIndex = 0; path = "Soccer P1.app"; sourceTree = BUILT_PRODUCTS_DIR; };
		1D7D9C691AC267F2009E779E /* Info.plist */ = {isa = PBXFileReference; lastKnownFileType = text.plist.xml; path = Info.plist; sourceTree = "<group>"; };
		1D7D9C6A1AC267F2009E779E /* AppDelegate.swift */ = {isa = PBXFileReference; lastKnownFileType = sourcecode.swift; path = AppDelegate.swift; sourceTree = "<group>"; };
		1D7D9C6F1AC267F2009E779E /* Base */ = {isa = PBXFileReference; lastKnownFileType = file.storyboard; name = Base; path = Base.lproj/Main.storyboard; sourceTree = "<group>"; };
		1D7D9C711AC267F2009E779E /* Images.xcassets */ = {isa = PBXFileReference; lastKnownFileType = folder.assetcatalog; path = Images.xcassets; sourceTree = "<group>"; };
		1D7D9C741AC267F2009E779E /* Base */ = {isa = PBXFileReference; lastKnownFileType = file.xib; name = Base; path = Base.lproj/LaunchScreen.xib; sourceTree = "<group>"; };
		1D7D9C7A1AC267F2009E779E /* Soccer P1Tests.xctest */ = {isa = PBXFileReference; explicitFileType = wrapper.cfbundle; includeInIndex = 0; path = "Soccer P1Tests.xctest"; sourceTree = BUILT_PRODUCTS_DIR; };
		1D7D9C7F1AC267F2009E779E /* Info.plist */ = {isa = PBXFileReference; lastKnownFileType = text.plist.xml; path = Info.plist; sourceTree = "<group>"; };
		1D7D9C801AC267F2009E779E /* Soccer_P1Tests.swift */ = {isa = PBXFileReference; lastKnownFileType = sourcecode.swift; path = Soccer_P1Tests.swift; sourceTree = "<group>"; };
		1D7D9C8A1AC2683E009E779E /* PlayersTableViewController.swift */ = {isa = PBXFileReference; fileEncoding = 4; lastKnownFileType = sourcecode.swift; path = PlayersTableViewController.swift; sourceTree = "<group>"; };
		1D7D9C8C1AC27127009E779E /* AddNewPlayerVCViewController.swift */ = {isa = PBXFileReference; fileEncoding = 4; lastKnownFileType = sourcecode.swift; path = AddNewPlayerVCViewController.swift; sourceTree = "<group>"; };
/* End PBXFileReference section */

/* Begin PBXFrameworksBuildPhase section */
		1D7D9C621AC267F2009E779E /* Frameworks */ = {
			isa = PBXFrameworksBuildPhase;
			buildActionMask = 2147483647;
			files = (
			);
			runOnlyForDeploymentPostprocessing = 0;
		};
		1D7D9C771AC267F2009E779E /* Frameworks */ = {
			isa = PBXFrameworksBuildPhase;
			buildActionMask = 2147483647;
			files = (
			);
			runOnlyForDeploymentPostprocessing = 0;
		};
/* End PBXFrameworksBuildPhase section */

/* Begin PBXGroup section */
		1D7D9C5C1AC267F2009E779E = {
			isa = PBXGroup;
			children = (
				1D7D9C671AC267F2009E779E /* Soccer P1 */,
				1D7D9C7D1AC267F2009E779E /* Soccer P1Tests */,
				1D7D9C661AC267F2009E779E /* Products */,
			);
			sourceTree = "<group>";
		};
		1D7D9C661AC267F2009E779E /* Products */ = {
			isa = PBXGroup;
			children = (
				1D7D9C651AC267F2009E779E /* Soccer P1.app */,
				1D7D9C7A1AC267F2009E779E /* Soccer P1Tests.xctest */,
			);
			name = Products;
			sourceTree = "<group>";
		};
		1D7D9C671AC267F2009E779E /* Soccer P1 */ = {
			isa = PBXGroup;
			children = (
				1D7D9C6A1AC267F2009E779E /* AppDelegate.swift */,
				1D7D9C8A1AC2683E009E779E /* PlayersTableViewController.swift */,
				1D7D9C6E1AC267F2009E779E /* Main.storyboard */,
				1D7D9C8C1AC27127009E779E /* AddNewPlayerVCViewController.swift */,
				1D7D9C711AC267F2009E779E /* Images.xcassets */,
				1D7D9C731AC267F2009E779E /* LaunchScreen.xib */,
				1D7D9C681AC267F2009E779E /* Supporting Files */,
			);
			path = "Soccer P1";
			sourceTree = "<group>";
		};
		1D7D9C681AC267F2009E779E /* Supporting Files */ = {
			isa = PBXGroup;
			children = (
				1D7D9C691AC267F2009E779E /* Info.plist */,
			);
			name = "Supporting Files";
			sourceTree = "<group>";
		};
		1D7D9C7D1AC267F2009E779E /* Soccer P1Tests */ = {
			isa = PBXGroup;
			children = (
				1D7D9C801AC267F2009E779E /* Soccer_P1Tests.swift */,
				1D7D9C7E1AC267F2009E779E /* Supporting Files */,
			);
			path = "Soccer P1Tests";
			sourceTree = "<group>";
		};
		1D7D9C7E1AC267F2009E779E /* Supporting Files */ = {
			isa = PBXGroup;
			children = (
				1D7D9C7F1AC267F2009E779E /* Info.plist */,
			);
			name = "Supporting Files";
			sourceTree = "<group>";
		};
/* End PBXGroup section */

/* Begin PBXNativeTarget section */
		1D7D9C641AC267F2009E779E /* Soccer P1 */ = {
			isa = PBXNativeTarget;
			buildConfigurationList = 1D7D9C841AC267F2009E779E /* Build configuration list for PBXNativeTarget "Soccer P1" */;
			buildPhases = (
				1D7D9C611AC267F2009E779E /* Sources */,
				1D7D9C621AC267F2009E779E /* Frameworks */,
				1D7D9C631AC267F2009E779E /* Resources */,
			);
			buildRules = (
			);
			dependencies = (
			);
			name = "Soccer P1";
			productName = "Soccer P1";
			productReference = 1D7D9C651AC267F2009E779E /* Soccer P1.app */;
			productType = "com.apple.product-type.application";
		};
		1D7D9C791AC267F2009E779E /* Soccer P1Tests */ = {
			isa = PBXNativeTarget;
			buildConfigurationList = 1D7D9C871AC267F2009E779E /* Build configuration list for PBXNativeTarget "Soccer P1Tests" */;
			buildPhases = (
				1D7D9C761AC267F2009E779E /* Sources */,
				1D7D9C771AC267F2009E779E /* Frameworks */,
				1D7D9C781AC267F2009E779E /* Resources */,
			);
			buildRules = (
			);
			dependencies = (
				1D7D9C7C1AC267F2009E779E /* PBXTargetDependency */,
			);
			name = "Soccer P1Tests";
			productName = "Soccer P1Tests";
			productReference = 1D7D9C7A1AC267F2009E779E /* Soccer P1Tests.xctest */;
			productType = "com.apple.product-type.bundle.unit-test";
		};
/* End PBXNativeTarget section */

/* Begin PBXProject section */
		1D7D9C5D1AC267F2009E779E /* Project object */ = {
			isa = PBXProject;
			attributes = {
				LastUpgradeCheck = 0620;
				ORGANIZATIONNAME = Lemura;
				TargetAttributes = {
					1D7D9C641AC267F2009E779E = {
						CreatedOnToolsVersion = 6.2;
					};
					1D7D9C791AC267F2009E779E = {
						CreatedOnToolsVersion = 6.2;
						TestTargetID = 1D7D9C641AC267F2009E779E;
					};
				};
			};
			buildConfigurationList = 1D7D9C601AC267F2009E779E /* Build configuration list for PBXProject "Soccer P1" */;
			compatibilityVersion = "Xcode 3.2";
			developmentRegion = English;
			hasScannedForEncodings = 0;
			knownRegions = (
				en,
				Base,
			);
			mainGroup = 1D7D9C5C1AC267F2009E779E;
			productRefGroup = 1D7D9C661AC267F2009E779E /* Products */;
			projectDirPath = "";
			projectRoot = "";
			targets = (
				1D7D9C641AC267F2009E779E /* Soccer P1 */,
				1D7D9C791AC267F2009E779E /* Soccer P1Tests */,
			);
		};
/* End PBXProject section */

/* Begin PBXResourcesBuildPhase section */
		1D7D9C631AC267F2009E779E /* Resources */ = {
			isa = PBXResourcesBuildPhase;
			buildActionMask = 2147483647;
			files = (
				1D7D9C701AC267F2009E779E /* Main.storyboard in Resources */,
				1D7D9C751AC267F2009E779E /* LaunchScreen.xib in Resources */,
				1D7D9C721AC267F2009E779E /* Images.xcassets in Resources */,
			);
			runOnlyForDeploymentPostprocessing = 0;
		};
		1D7D9C781AC267F2009E779E /* Resources */ = {
			isa = PBXResourcesBuildPhase;
			buildActionMask = 2147483647;
			files = (
			);
			runOnlyForDeploymentPostprocessing = 0;
		};
/* End PBXResourcesBuildPhase section */

/* Begin PBXSourcesBuildPhase section */
		1D7D9C611AC267F2009E779E /* Sources */ = {
			isa = PBXSourcesBuildPhase;
			buildActionMask = 2147483647;
			files = (
				1D7D9C8D1AC27127009E779E /* AddNewPlayerVCViewController.swift in Sources */,
				1D7D9C6B1AC267F2009E779E /* AppDelegate.swift in Sources */,
				1D7D9C8B1AC2683E009E779E /* PlayersTableViewController.swift in Sources */,
			);
			runOnlyForDeploymentPostprocessing = 0;
		};
		1D7D9C761AC267F2009E779E /* Sources */ = {
			isa = PBXSourcesBuildPhase;
			buildActionMask = 2147483647;
			files = (
				1D7D9C811AC267F2009E779E /* Soccer_P1Tests.swift in Sources */,
			);
			runOnlyForDeploymentPostprocessing = 0;
		};
/* End PBXSourcesBuildPhase section */

/* Begin PBXTargetDependency section */
		1D7D9C7C1AC267F2009E779E /* PBXTargetDependency */ = {
			isa = PBXTargetDependency;
			target = 1D7D9C641AC267F2009E779E /* Soccer P1 */;
			targetProxy = 1D7D9C7B1AC267F2009E779E /* PBXContainerItemProxy */;
		};
/* End PBXTargetDependency section */

/* Begin PBXVariantGroup section */
		1D7D9C6E1AC267F2009E779E /* Main.storyboard */ = {
			isa = PBXVariantGroup;
			children = (
				1D7D9C6F1AC267F2009E779E /* Base */,
			);
			name = Main.storyboard;
			sourceTree = "<group>";
		};
		1D7D9C731AC267F2009E779E /* LaunchScreen.xib */ = {
			isa = PBXVariantGroup;
			children = (
				1D7D9C741AC267F2009E779E /* Base */,
			);
			name = LaunchScreen.xib;
			sourceTree = "<group>";
		};
/* End PBXVariantGroup section */

/* Begin XCBuildConfiguration section */
		1D7D9C821AC267F2009E779E /* Debug */ = {
			isa = XCBuildConfiguration;
			buildSettings = {
				ALWAYS_SEARCH_USER_PATHS = NO;
				CLANG_CXX_LANGUAGE_STANDARD = "gnu++0x";
				CLANG_CXX_LIBRARY = "libc++";
				CLANG_ENABLE_MODULES = YES;
				CLANG_ENABLE_OBJC_ARC = YES;
				CLANG_WARN_BOOL_CONVERSION = YES;
				CLANG_WARN_CONSTANT_CONVERSION = YES;
				CLANG_WARN_DIRECT_OBJC_ISA_USAGE = YES_ERROR;
				CLANG_WARN_EMPTY_BODY = YES;
				CLANG_WARN_ENUM_CONVERSION = YES;
				CLANG_WARN_INT_CONVERSION = YES;
				CLANG_WARN_OBJC_ROOT_CLASS = YES_ERROR;
				CLANG_WARN_UNREACHABLE_CODE = YES;
				CLANG_WARN__DUPLICATE_METHOD_MATCH = YES;
				"CODE_SIGN_IDENTITY[sdk=iphoneos*]" = "iPhone Developer";
				COPY_PHASE_STRIP = NO;
				ENABLE_STRICT_OBJC_MSGSEND = YES;
				GCC_C_LANGUAGE_STANDARD = gnu99;
				GCC_DYNAMIC_NO_PIC = NO;
				GCC_OPTIMIZATION_LEVEL = 0;
				GCC_PREPROCESSOR_DEFINITIONS = (
					"DEBUG=1",
					"$(inherited)",
				);
				GCC_SYMBOLS_PRIVATE_EXTERN = NO;
				GCC_WARN_64_TO_32_BIT_CONVERSION = YES;
				GCC_WARN_ABOUT_RETURN_TYPE = YES_ERROR;
				GCC_WARN_UNDECLARED_SELECTOR = YES;
				GCC_WARN_UNINITIALIZED_AUTOS = YES_AGGRESSIVE;
				GCC_WARN_UNUSED_FUNCTION = YES;
				GCC_WARN_UNUSED_VARIABLE = YES;
				IPHONEOS_DEPLOYMENT_TARGET = 8.2;
				MTL_ENABLE_DEBUG_INFO = YES;
				ONLY_ACTIVE_ARCH = YES;
				SDKROOT = iphoneos;
				SWIFT_OPTIMIZATION_LEVEL = "-Onone";
				TARGETED_DEVICE_FAMILY = "1,2";
			};
			name = Debug;
		};
		1D7D9C831AC267F2009E779E /* Release */ = {
			isa = XCBuildConfiguration;
			buildSettings = {
				ALWAYS_SEARCH_USER_PATHS = NO;
				CLANG_CXX_LANGUAGE_STANDARD = "gnu++0x";
				CLANG_CXX_LIBRARY = "libc++";
				CLANG_ENABLE_MODULES = YES;
				CLANG_ENABLE_OBJC_ARC = YES;
				CLANG_WARN_BOOL_CONVERSION = YES;
				CLANG_WARN_CONSTANT_CONVERSION = YES;
				CLANG_WARN_DIRECT_OBJC_ISA_USAGE = YES_ERROR;
				CLANG_WARN_EMPTY_BODY = YES;
				CLANG_WARN_ENUM_CONVERSION = YES;
				CLANG_WARN_INT_CONVERSION = YES;
				CLANG_WARN_OBJC_ROOT_CLASS = YES_ERROR;
				CLANG_WARN_UNREACHABLE_CODE = YES;
				CLANG_WARN__DUPLICATE_METHOD_MATCH = YES;
				"CODE_SIGN_IDENTITY[sdk=iphoneos*]" = "iPhone Developer";
				COPY_PHASE_STRIP = NO;
				ENABLE_NS_ASSERTIONS = NO;
				ENABLE_STRICT_OBJC_MSGSEND = YES;
				GCC_C_LANGUAGE_STANDARD = gnu99;
				GCC_WARN_64_TO_32_BIT_CONVERSION = YES;
				GCC_WARN_ABOUT_RETURN_TYPE = YES_ERROR;
				GCC_WARN_UNDECLARED_SELECTOR = YES;
				GCC_WARN_UNINITIALIZED_AUTOS = YES_AGGRESSIVE;
				GCC_WARN_UNUSED_FUNCTION = YES;
				GCC_WARN_UNUSED_VARIABLE = YES;
				IPHONEOS_DEPLOYMENT_TARGET = 8.2;
				MTL_ENABLE_DEBUG_INFO = NO;
				SDKROOT = iphoneos;
				TARGETED_DEVICE_FAMILY = "1,2";
				VALIDATE_PRODUCT = YES;
			};
			name = Release;
		};
		1D7D9C851AC267F2009E779E /* Debug */ = {
			isa = XCBuildConfiguration;
			buildSettings = {
				ASSETCATALOG_COMPILER_APPICON_NAME = AppIcon;
				INFOPLIST_FILE = "Soccer P1/Info.plist";
				LD_RUNPATH_SEARCH_PATHS = "$(inherited) @executable_path/Frameworks";
				PRODUCT_NAME = "$(TARGET_NAME)";
			};
			name = Debug;
		};
		1D7D9C861AC267F2009E779E /* Release */ = {
			isa = XCBuildConfiguration;
			buildSettings = {
				ASSETCATALOG_COMPILER_APPICON_NAME = AppIcon;
				INFOPLIST_FILE = "Soccer P1/Info.plist";
				LD_RUNPATH_SEARCH_PATHS = "$(inherited) @executable_path/Frameworks";
				PRODUCT_NAME = "$(TARGET_NAME)";
			};
			name = Release;
		};
		1D7D9C881AC267F2009E779E /* Debug */ = {
			isa = XCBuildConfiguration;
			buildSettings = {
				BUNDLE_LOADER = "$(TEST_HOST)";
				FRAMEWORK_SEARCH_PATHS = (
					"$(SDKROOT)/Developer/Library/Frameworks",
					"$(inherited)",
				);
				GCC_PREPROCESSOR_DEFINITIONS = (
					"DEBUG=1",
					"$(inherited)",
				);
				INFOPLIST_FILE = "Soccer P1Tests/Info.plist";
				LD_RUNPATH_SEARCH_PATHS = "$(inherited) @executable_path/Frameworks @loader_path/Frameworks";
				PRODUCT_NAME = "$(TARGET_NAME)";
				TEST_HOST = "$(BUILT_PRODUCTS_DIR)/Soccer P1.app/Soccer P1";
			};
			name = Debug;
		};
		1D7D9C891AC267F2009E779E /* Release */ = {
			isa = XCBuildConfiguration;
			buildSettings = {
				BUNDLE_LOADER = "$(TEST_HOST)";
				FRAMEWORK_SEARCH_PATHS = (
					"$(SDKROOT)/Developer/Library/Frameworks",
					"$(inherited)",
				);
				INFOPLIST_FILE = "Soccer P1Tests/Info.plist";
				LD_RUNPATH_SEARCH_PATHS = "$(inherited) @executable_path/Frameworks @loader_path/Frameworks";
				PRODUCT_NAME = "$(TARGET_NAME)";
				TEST_HOST = "$(BUILT_PRODUCTS_DIR)/Soccer P1.app/Soccer P1";
			};
			name = Release;
		};
/* End XCBuildConfiguration section */

/* Begin XCConfigurationList section */
		1D7D9C601AC267F2009E779E /* Build configuration list for PBXProject "Soccer P1" */ = {
			isa = XCConfigurationList;
			buildConfigurations = (
				1D7D9C821AC267F2009E779E /* Debug */,
				1D7D9C831AC267F2009E779E /* Release */,
			);
			defaultConfigurationIsVisible = 0;
			defaultConfigurationName = Release;
		};
		1D7D9C841AC267F2009E779E /* Build configuration list for PBXNativeTarget "Soccer P1" */ = {
			isa = XCConfigurationList;
			buildConfigurations = (
				1D7D9C851AC267F2009E779E /* Debug */,
				1D7D9C861AC267F2009E779E /* Release */,
			);
			defaultConfigurationIsVisible = 0;
		};
		1D7D9C871AC267F2009E779E /* Build configuration list for PBXNativeTarget "Soccer P1Tests" */ = {
			isa = XCConfigurationList;
			buildConfigurations = (
				1D7D9C881AC267F2009E779E /* Debug */,
				1D7D9C891AC267F2009E779E /* Release */,
			);
			defaultConfigurationIsVisible = 0;
		};
/* End XCConfigurationList section */
	};
	rootObject = 1D7D9C5D1AC267F2009E779E /* Project object */;
}
